{
  "version": 4,
  "terraform_version": "1.0.0",
  "serial": 18,
  "lineage": "89072053-ea7e-d517-6e47-2e8f12616628",
  "outputs": {
    "cluster_name": {
      "value": "rdam-lz-dapr-sas-aks",
      "type": "string"
    },
    "cluster_node_pool_mode": {
      "value": "default",
      "type": "string"
    },
    "cr_admin_password": {
      "value": "XZz23kZMIlATa7UZCUb+y2r8o8Tzrov5",
      "type": "string",
      "sensitive": true
    },
    "cr_admin_user": {
      "value": "rdamlzdaprsasacr",
      "type": "string"
    },
    "cr_endpoint": {
      "value": "rdamlzdaprsasacr.azurecr.io",
      "type": "string"
    },
    "cr_id": {
      "value": "/subscriptions/951bcc00-e52a-44a9-8418-8d09f849a003/resourceGroups/RG_Rdam_LZ_DAPR_SAS/providers/Microsoft.ContainerRegistry/registries/rdamlzdaprsasacr",
      "type": "string"
    },
    "cr_name": {
      "value": "rdamlzdaprsasacr",
      "type": "string"
    },
    "location": {
      "value": "westeurope",
      "type": "string"
    },
    "nfs_admin_username": {
      "value": "nfsuser",
      "type": "string"
    },
    "nfs_private_ip": {
      "value": "10.246.1.4",
      "type": "string"
    },
    "postgres_admin": {
      "value": "pgadmin@rdam-lz-dapr-sas-pgsql",
      "type": "string"
    },
    "postgres_password": {
      "value": "mySup3rS3cretPassw0rd",
      "type": "string",
      "sensitive": true
    },
    "postgres_server_name": {
      "value": "rdam-lz-dapr-sas-pgsql",
      "type": "string"
    },
    "postgres_server_port": {
      "value": "5432",
      "type": "string"
    },
    "prefix": {
      "value": "rdam-lz-dapr-sas",
      "type": "string"
    },
    "provider": {
      "value": "azure",
      "type": "string"
    },
    "provider_account": {
      "value": "SUB_Rdam_DAPR_SAS",
      "type": "string"
    },
    "rwx_filestore_endpoint": {
      "value": "10.246.1.4",
      "type": "string"
    },
    "rwx_filestore_path": {
      "value": "/export",
      "type": "string"
    }
  },
  "resources": [
    {
      "mode": "data",
      "type": "azurerm_public_ip",
      "name": "aks_public_ip",
      "provider": "provider[\"registry.terraform.io/hashicorp/azurerm\"]",
      "instances": []
    },
    {
      "mode": "data",
      "type": "azurerm_subscription",
      "name": "current",
      "provider": "provider[\"registry.terraform.io/hashicorp/azurerm\"]",
      "instances": [
        {
          "schema_version": 0,
          "attributes": {
            "display_name": "SUB_Rdam_DAPR_SAS",
            "id": "/subscriptions/951bcc00-e52a-44a9-8418-8d09f849a003",
            "location_placement_id": "Public_2014-09-01",
            "quota_id": "EnterpriseAgreement_2014-09-01",
            "spending_limit": "Off",
            "state": "Enabled",
            "subscription_id": "951bcc00-e52a-44a9-8418-8d09f849a003",
            "tags": {},
            "tenant_id": "49c4cd82-8f65-4d6a-9a3b-0ecd07c0cf5b",
            "timeouts": null
          },
          "sensitive_attributes": []
        }
      ]
    },
    {
      "mode": "data",
      "type": "external",
      "name": "git_hash",
      "provider": "provider[\"registry.terraform.io/hashicorp/external\"]",
      "instances": [
        {
          "schema_version": 0,
          "attributes": {
            "id": "-",
            "program": [
              "files/tools/iac_git_info.sh"
            ],
            "query": null,
            "result": {
              "git-hash": "6c7b21f7963cc61ac15f6e63fa4b38ef0a22c8e9"
            },
            "working_dir": null
          },
          "sensitive_attributes": []
        }
      ]
    },
    {
      "mode": "data",
      "type": "external",
      "name": "iac_tooling_version",
      "provider": "provider[\"registry.terraform.io/hashicorp/external\"]",
      "instances": [
        {
          "schema_version": 0,
          "attributes": {
            "id": "-",
            "program": [
              "files/tools/iac_tooling_version.sh"
            ],
            "query": null,
            "result": {
              "provider_selections": "{\"registry.terraform.io/hashicorp/azuread\":\"1.5.0\",\"registry.terraform.io/hashicorp/azurerm\":\"2.62.0\",\"registry.terraform.io/hashicorp/cloudinit\":\"2.2.0\",\"registry.terraform.io/hashicorp/external\":\"2.1.0\",\"registry.terraform.io/hashicorp/kubernetes\":\"2.3.1\",\"registry.terraform.io/hashicorp/local\":\"2.1.0\",\"registry.terraform.io/hashicorp/null\":\"3.1.0\",\"registry.terraform.io/hashicorp/template\":\"2.2.0\",\"registry.terraform.io/hashicorp/tls\":\"3.1.0\"}",
              "terraform_outdated": "false",
              "terraform_revision": "null",
              "terraform_version": "\"1.0.0\""
            },
            "working_dir": null
          },
          "sensitive_attributes": []
        }
      ]
    },
    {
      "mode": "data",
      "type": "template_cloudinit_config",
      "name": "jump",
      "provider": "provider[\"registry.terraform.io/hashicorp/template\"]",
      "instances": [
        {
          "schema_version": 0,
          "attributes": {
            "base64_encode": true,
            "gzip": true,
            "id": "1386910200",
            "part": [
              {
                "content": "#cloud-config\nsystem_info:\n  default_user:\n    name: jumpuser\n\n#\n# Update the repo and then update the OS\n#\npackage_update: true\npackage_upgrade: true\n\n#\n# Install Docker Pre-Reqs\n# Verify Docker Hash / Key: $curl -sL https://download.docker.com/linux/ubuntu/gpg | gpg\n#\napt:\n  sources:\n    docker.list:\n      source: deb [arch=amd64] https://download.docker.com/linux/ubuntu $RELEASE stable\n      keyid: 9DC858229FC7DD38854AE2D88D81803C0EBFCD88\n\n#\n# Install packages: nfs, docker\n#\npackages:\n  - nfs-common\n  - docker-ce\n  - docker-ce-cli\n\n#\n# Update /etc/fstab\n#\nmounts:\n  - [ \"10.246.1.4:/export\", \"/viya-share\", nfs, \"_netdev,auto,x-systemd.automount,x-systemd.mount-timeout=10,timeo=14,x-systemd.idle-timeout=1min,relatime,hard,rsize=1048576,wsize=1048576,vers=3,tcp,namlen=255,retrans=2,sec=sys,local_lock=none\", \"0\", \"0\" ]\n\n#\n# Add nfs mounts\n#\nruncmd:\n  #\n  # mount the nfs\n  #\n  - while [ `df -h | grep \"10.246.1.4:/export\" | wc -l` -eq 0 ]; do sleep 5 \u0026\u0026 mount -a ; done\n  #\n  # Change permissions and owner\n  #\n  - mkdir -p /viya-share/pvs\n  - $(chmod -fR 777 /viya-share ; echo)\n  - $(chown -R nobody:nogroup /viya-share ; echo)\n  #\n  # Update user for Docker, user=jumpuser\n  #\n  - usermod -aG docker jumpuser\n",
                "content_type": "text/cloud-config",
                "filename": "",
                "merge_type": ""
              }
            ],
            "rendered": "H4sIAAAAAAAA/4xUbW/bNhD+TiD/4WAHxQaIlu3YsapAH1Lb3Yo165CuBYYgSGnyJHGmSJWkYnvojx8oKY6zF6AfbOh57tG96e6WRnvUnv5+qDGFqlFe1sz6uJJ7FFewMY0WzB6ywc27m/WbD59+XV3f/jEgAdHPaJ00OoXJaHxGzgilp6IzcvRtmXY5WrrW3AipixQWG+lPBG1wj3sfc2UaQbnRuSzOyI2s8F9hhqca4g7OY/UgdW5SAiAwZ43yD41DGzCAZhWm8GdT1YEjZEiG8KkWzCP4EsFibYBpEYCG5tnw4SMZkprxLSvwoeNT8LbBE7KwTDyxreN32nmmFKwM36KF3yzSW/zqyBA+o5X54cnwM3MlxPALHlI4541VQN17KL2vXRrHwuy0MkyMRKsecVPFSupmHzebRvsmLuoCvkFRF2RIWO1Doc40lqPrau7fU9L5jniypyBwA3fM8jJjlbic3X93UDi/Xb9fX39cg/Nso7D3u8WDFCm8Xi2TeTKdvn67XKxWF0kyn12vp6skWSWTZHyxHK/fvF2ukuRlm/pOuhR07qI+7ee2t9XQYKPcVJXRLexUlONLRLmSL75ujJ7HeUiWDEllGu17f3cwmIxH09nlaDKapTHua2P9IIJB/CgPjLqSWRxEXUqDB41e4GPEGm+iPe3GTYwCbH2ecC2mXlZoGp9NxlH7mE1mJxopFD5LKqkji4oFIiqZFZF18i/MJuNZMl9cRrsX6BGtyy4iz+tIs0qhzqbzeWTRh/3KppFDnrmDi5ThTD0ow7eZNjqUMhh3f3DfdehaiFAedF0hQ2IbzSsR2jMMv87QroHOXc9S2JVSIdzBF5EDLcMEWqz/s5nwDXYcqPoCFL/CGO6vQBhwCrGGObx61QegDIJB4zHwsmS6QKjRVtKFtXftcpqdRnvMo9oKaYHWcPLB4vrRtcbzH3hZGQE0v4XFYnGqgStAXpofjzqz00BvQZuNEYdUm8Kapv6fN7r8+tkKpwRyY/t9jloiOx6Zp0QDaHNhP/WD+nyI/nkvKT0jfwcAAP//CzJUs44FAAA="
          },
          "sensitive_attributes": []
        }
      ]
    },
    {
      "mode": "data",
      "type": "template_cloudinit_config",
      "name": "nfs",
      "provider": "provider[\"registry.terraform.io/hashicorp/template\"]",
      "instances": [
        {
          "schema_version": 0,
          "attributes": {
            "base64_encode": true,
            "gzip": true,
            "id": "3621200622",
            "part": [
              {
                "content": "#cloud-config\nsystem_info:\n  default_user:\n    name: nfsuser\n    \n#\n# Wait for azure disks to be mounted then continue\n#\nbootcmd:\n  - while [ `find /dev/disk/azure/scsi1/ -type l | wc -l` -lt 4 ]; do sleep 5; done\n\n#\n# First we'll update the repo and then update the OS.\n#\npackage_update: true\npackage_upgrade: true\n\n#\n# Install packages\n#\npackages:\n  - nfs-kernel-server\n\n#\n# Create mount directories\n#\nruncmd:\n  #\n  # Create /export directory with the correct owner/permissions\n  #\n  - mkdir /export\n  - chown nobody:nogroup /export -R\n  - chmod -R 0777 /export\n  #\n  # Update systemctl services\n  #\n  - systemctl enable nfs-kernel-server\n  - systemctl start nfs-kernel-server\n  - systemctl enable rpc-statd\n  - systemctl start rpc-statd\n  #\n  # Create Raid5 Array\n  #\n  # NOTE: We need to sleep 5 minutes here to ensure the drives have been attached\n  #\n  # - sleep 300\n  - pvcreate $(find /dev/disk/azure/scsi1/ -type l | xargs)\n  - vgcreate data-vg01 $(find /dev/disk/azure/scsi1/ -type l | xargs)\n  - lvcreate --type raid5 --extents 100%FREE --stripes 3 --name data-lv01 data-vg01\n  - mkfs -t ext4 /dev/data-vg01/data-lv01\n  #\n  # Update /etc/fstab\n  #\n  - echo \"/dev/data-vg01/data-lv01       /export        ext4        defaults,nofail,x-systemd.requires=cloud-init.service,barrier=0,discard        0  2\" \u003e\u003e/etc/fstab\n  - mount -a\n  #\n  # Update /etc/exports - NOTE: The CIDR provided works for the whole VPC\n  #\n  - echo \"/export         10.246.0.0/21(rw,no_root_squash,async,insecure,fsid=0,crossmnt,no_subtree_check)\" \u003e\u003e /etc/exports\n  #\n  # Restart nfs-server service\n  #\n  - exportfs -a\n  - systemctl restart nfs-kernel-server\n",
                "content_type": "text/cloud-config",
                "filename": "",
                "merge_type": ""
              }
            ],
            "rendered": "H4sIAAAAAAAA/5xVfWvcxhP+X+DvMPh+P5rA7UnnODVccCB1HPAfjsvVSSilXPZ2R6flpF1lZnQvpR++rKR7cx1aunBwmpdnnhk9s7oJXtCLetzWOIGqKcXVmiSt3AbtG5iHxltN2+vz+7v7258ePn18/27663kSn9RnJHbBT2A8ys6Ss0Sp46CzZI9N2nOOpG69Cdb5xQSu5k6OAtrightJTRkaq0zwuVucJfeuwr+VGRzHJLxlwWrmfB4mCYDFXDelzBpGis8AXlc4AZ9zNLWWZJAM4It2Ankg0H80hGAdLxkkwByhCo0XtCAFejDBi/MNJoNkHoKYykZYBevClQi/wdfceQupxVUaMdIWLmXDbpyCkm2NUMKfsDagyq+gSoFL+P0N2ABcItbwOv73mLSkPjhigTX+UJbQ1FYLRhJAWAfQvmd05Hj4ZZQMklqbpV7grHNMQKjBI+OCtN1Z2yp3nkWXJfQhfIDgrjefs1oieSwVI62Qurwbwli4HQ9YR2gkkGvzqfH9ZAbxtwtNcVMHOgRvYe2kaKmbQNEGYe2R0hqpchxfM/cYCqqldbSDaC2mCGsPPsyD3U58WFBo6n0NNe1jqmBBTSG7uro6yu54fepm14nGSAmxP2fwUPXgQq/nJT4zjNMwFk3yj1E9GNVGsWixz4Ice0/mONXOvoZ3RHq7d318eLydwBcEj1Grez1B5XwjyFAgYbSj56jwOHRLbhU9eoUwR/SgRbQp8FBQ9TCvsqylWK9MR+F/L/6d0DeaFvyyzV0t+lyrRavVIhv/F5Ryx0B1bmpnoRRu4t3BMM6y/3+Y3t6CUizkamR4BUrFte8Kl6tsfKDQSytnUAK4kcuezM6f7nOeiiZFMWnOoud7saApApx/DwC6sxNof9qa/elvKx76kGtXDjeqk4QdEX5rHCFfd5ed805GvVaHc03kkK6zoXVsNNkdXAZwcQ5v354wVf3CKv1sQx05BtUL6rFAuLl7P4WawspZtLAOtOT2qowSWhehRPj8883TIZx2CeNsdHH54ygbZenF+AWthz7MKASZ8bdGczHUvPVm6DyjaQiHOTt7nQ0NBebKS4zmZi6EODMFmuXL2NcJ4303UzysYLd7u60+UGxT4jvXTxaP8Hv7+/R7ptRZ8lcAAAD//1iw7JAuBwAA"
          },
          "sensitive_attributes": []
        }
      ]
    },
    {
      "mode": "data",
      "type": "template_file",
      "name": "jump-cloudconfig",
      "provider": "provider[\"registry.terraform.io/hashicorp/template\"]",
      "instances": [
        {
          "schema_version": 0,
          "attributes": {
            "filename": null,
            "id": "0084b63545ebcf67cc4d1ed3cbb4bf4bfacde22987c196d9e1e0aa77edbc131d",
            "rendered": "#cloud-config\nsystem_info:\n  default_user:\n    name: jumpuser\n\n#\n# Update the repo and then update the OS\n#\npackage_update: true\npackage_upgrade: true\n\n#\n# Install Docker Pre-Reqs\n# Verify Docker Hash / Key: $curl -sL https://download.docker.com/linux/ubuntu/gpg | gpg\n#\napt:\n  sources:\n    docker.list:\n      source: deb [arch=amd64] https://download.docker.com/linux/ubuntu $RELEASE stable\n      keyid: 9DC858229FC7DD38854AE2D88D81803C0EBFCD88\n\n#\n# Install packages: nfs, docker\n#\npackages:\n  - nfs-common\n  - docker-ce\n  - docker-ce-cli\n\n#\n# Update /etc/fstab\n#\nmounts:\n  - [ \"10.246.1.4:/export\", \"/viya-share\", nfs, \"_netdev,auto,x-systemd.automount,x-systemd.mount-timeout=10,timeo=14,x-systemd.idle-timeout=1min,relatime,hard,rsize=1048576,wsize=1048576,vers=3,tcp,namlen=255,retrans=2,sec=sys,local_lock=none\", \"0\", \"0\" ]\n\n#\n# Add nfs mounts\n#\nruncmd:\n  #\n  # mount the nfs\n  #\n  - while [ `df -h | grep \"10.246.1.4:/export\" | wc -l` -eq 0 ]; do sleep 5 \u0026\u0026 mount -a ; done\n  #\n  # Change permissions and owner\n  #\n  - mkdir -p /viya-share/pvs\n  - $(chmod -fR 777 /viya-share ; echo)\n  - $(chown -R nobody:nogroup /viya-share ; echo)\n  #\n  # Update user for Docker, user=jumpuser\n  #\n  - usermod -aG docker jumpuser\n",
            "template": "#cloud-config\nsystem_info:\n  default_user:\n    name: ${vm_admin}\n\n#\n# Update the repo and then update the OS\n#\npackage_update: true\npackage_upgrade: true\n\n#\n# Install Docker Pre-Reqs\n# Verify Docker Hash / Key: $curl -sL https://download.docker.com/linux/ubuntu/gpg | gpg\n#\napt:\n  sources:\n    docker.list:\n      source: deb [arch=amd64] https://download.docker.com/linux/ubuntu $RELEASE stable\n      keyid: 9DC858229FC7DD38854AE2D88D81803C0EBFCD88\n\n#\n# Install packages: nfs, docker\n#\npackages:\n  - nfs-common\n  - docker-ce\n  - docker-ce-cli\n\n#\n# Update /etc/fstab\n#\nmounts:\n  - [ \"${nfs_rwx_filestore_endpoint}:${nfs_rwx_filestore_path}\", \"${jump_rwx_filestore_path}\", nfs, \"_netdev,auto,x-systemd.automount,x-systemd.mount-timeout=10,timeo=14,x-systemd.idle-timeout=1min,relatime,hard,rsize=1048576,wsize=1048576,vers=3,tcp,namlen=255,retrans=2,sec=sys,local_lock=none\", \"0\", \"0\" ]\n\n#\n# Add nfs mounts\n#\nruncmd:\n  #\n  # mount the nfs\n  #\n  - while [ `df -h | grep \"${nfs_rwx_filestore_endpoint}:${nfs_rwx_filestore_path}\" | wc -l` -eq 0 ]; do sleep 5 \u0026\u0026 mount -a ; done\n  #\n  # Change permissions and owner\n  #\n  - mkdir -p ${jump_rwx_filestore_path}/pvs\n  - $(chmod -fR 777 ${jump_rwx_filestore_path} ; echo)\n  - $(chown -R nobody:nogroup ${jump_rwx_filestore_path} ; echo)\n  #\n  # Update user for Docker, user=${vm_admin}\n  #\n  - usermod -aG docker ${vm_admin}\n",
            "vars": {
              "jump_rwx_filestore_path": "/viya-share",
              "nfs_rwx_filestore_endpoint": "10.246.1.4",
              "nfs_rwx_filestore_path": "/export",
              "vm_admin": "jumpuser"
            }
          },
          "sensitive_attributes": []
        }
      ]
    },
    {
      "mode": "data",
      "type": "template_file",
      "name": "nfs-cloudconfig",
      "provider": "provider[\"registry.terraform.io/hashicorp/template\"]",
      "instances": [
        {
          "schema_version": 0,
          "attributes": {
            "filename": null,
            "id": "dec108d48f7a4b1986e8f760555118e8a52a252011c98d446771a7cdad8c0725",
            "rendered": "#cloud-config\nsystem_info:\n  default_user:\n    name: nfsuser\n    \n#\n# Wait for azure disks to be mounted then continue\n#\nbootcmd:\n  - while [ `find /dev/disk/azure/scsi1/ -type l | wc -l` -lt 4 ]; do sleep 5; done\n\n#\n# First we'll update the repo and then update the OS.\n#\npackage_update: true\npackage_upgrade: true\n\n#\n# Install packages\n#\npackages:\n  - nfs-kernel-server\n\n#\n# Create mount directories\n#\nruncmd:\n  #\n  # Create /export directory with the correct owner/permissions\n  #\n  - mkdir /export\n  - chown nobody:nogroup /export -R\n  - chmod -R 0777 /export\n  #\n  # Update systemctl services\n  #\n  - systemctl enable nfs-kernel-server\n  - systemctl start nfs-kernel-server\n  - systemctl enable rpc-statd\n  - systemctl start rpc-statd\n  #\n  # Create Raid5 Array\n  #\n  # NOTE: We need to sleep 5 minutes here to ensure the drives have been attached\n  #\n  # - sleep 300\n  - pvcreate $(find /dev/disk/azure/scsi1/ -type l | xargs)\n  - vgcreate data-vg01 $(find /dev/disk/azure/scsi1/ -type l | xargs)\n  - lvcreate --type raid5 --extents 100%FREE --stripes 3 --name data-lv01 data-vg01\n  - mkfs -t ext4 /dev/data-vg01/data-lv01\n  #\n  # Update /etc/fstab\n  #\n  - echo \"/dev/data-vg01/data-lv01       /export        ext4        defaults,nofail,x-systemd.requires=cloud-init.service,barrier=0,discard        0  2\" \u003e\u003e/etc/fstab\n  - mount -a\n  #\n  # Update /etc/exports - NOTE: The CIDR provided works for the whole VPC\n  #\n  - echo \"/export         10.246.0.0/21(rw,no_root_squash,async,insecure,fsid=0,crossmnt,no_subtree_check)\" \u003e\u003e /etc/exports\n  #\n  # Restart nfs-server service\n  #\n  - exportfs -a\n  - systemctl restart nfs-kernel-server\n",
            "template": "#cloud-config\nsystem_info:\n  default_user:\n    name: ${vm_admin}\n    \n#\n# Wait for azure disks to be mounted then continue\n#\nbootcmd:\n  - while [ `find /dev/disk/azure/scsi1/ -type l | wc -l` -lt 4 ]; do sleep 5; done\n\n#\n# First we'll update the repo and then update the OS.\n#\npackage_update: true\npackage_upgrade: true\n\n#\n# Install packages\n#\npackages:\n  - nfs-kernel-server\n\n#\n# Create mount directories\n#\nruncmd:\n  #\n  # Create /export directory with the correct owner/permissions\n  #\n  - mkdir /export\n  - chown nobody:nogroup /export -R\n  - chmod -R 0777 /export\n  #\n  # Update systemctl services\n  #\n  - systemctl enable nfs-kernel-server\n  - systemctl start nfs-kernel-server\n  - systemctl enable rpc-statd\n  - systemctl start rpc-statd\n  #\n  # Create Raid5 Array\n  #\n  # NOTE: We need to sleep 5 minutes here to ensure the drives have been attached\n  #\n  # - sleep 300\n  - pvcreate $(find /dev/disk/azure/scsi1/ -type l | xargs)\n  - vgcreate data-vg01 $(find /dev/disk/azure/scsi1/ -type l | xargs)\n  - lvcreate --type raid5 --extents 100%FREE --stripes 3 --name data-lv01 data-vg01\n  - mkfs -t ext4 /dev/data-vg01/data-lv01\n  #\n  # Update /etc/fstab\n  #\n  - echo \"/dev/data-vg01/data-lv01       /export        ext4        defaults,nofail,x-systemd.requires=cloud-init.service,barrier=0,discard        0  2\" \u003e\u003e/etc/fstab\n  - mount -a\n  #\n  # Update /etc/exports - NOTE: The CIDR provided works for the whole VPC\n  #\n  - echo \"/export         ${base_cidr_block}(rw,no_root_squash,async,insecure,fsid=0,crossmnt,no_subtree_check)\" \u003e\u003e /etc/exports\n  #\n  # Restart nfs-server service\n  #\n  - exportfs -a\n  - systemctl restart nfs-kernel-server\n",
            "vars": {
              "base_cidr_block": "10.246.0.0/21",
              "vm_admin": "nfsuser"
            }
          },
          "sensitive_attributes": []
        }
      ]
    },
    {
      "mode": "managed",
      "type": "azurerm_container_registry",
      "name": "acr",
      "provider": "provider[\"registry.terraform.io/hashicorp/azurerm\"]",
      "instances": [
        {
          "index_key": 0,
          "schema_version": 2,
          "attributes": {
            "admin_enabled": true,
            "admin_password": "XZz23kZMIlATa7UZCUb+y2r8o8Tzrov5",
            "admin_username": "rdamlzdaprsasacr",
            "encryption": [
              {
                "enabled": false,
                "identity_client_id": "",
                "key_vault_key_id": ""
              }
            ],
            "georeplication_locations": [],
            "georeplications": [],
            "id": "/subscriptions/951bcc00-e52a-44a9-8418-8d09f849a003/resourceGroups/RG_Rdam_LZ_DAPR_SAS/providers/Microsoft.ContainerRegistry/registries/rdamlzdaprsasacr",
            "identity": [],
            "location": "westeurope",
            "login_server": "rdamlzdaprsasacr.azurecr.io",
            "name": "rdamlzdaprsasacr",
            "network_rule_set": [],
            "public_network_access_enabled": true,
            "quarantine_policy_enabled": false,
            "resource_group_name": "RG_Rdam_LZ_DAPR_SAS",
            "retention_policy": [
              {
                "days": 7,
                "enabled": false
              }
            ],
            "sku": "Standard",
            "storage_account_id": null,
            "tags": null,
            "timeouts": null,
            "trust_policy": [
              {
                "enabled": false
              }
            ]
          },
          "sensitive_attributes": [],
          "private": "eyJlMmJmYjczMC1lY2FhLTExZTYtOGY4OC0zNDM2M2JjN2M0YzAiOnsiY3JlYXRlIjoxODAwMDAwMDAwMDAwLCJkZWxldGUiOjE4MDAwMDAwMDAwMDAsInJlYWQiOjMwMDAwMDAwMDAwMCwidXBkYXRlIjoxODAwMDAwMDAwMDAwfSwic2NoZW1hX3ZlcnNpb24iOiIyIn0=",
          "dependencies": [
            "module.resource_group.azurerm_resource_group.azure_rg",
            "module.resource_group.data.azurerm_resource_group.azure_rg"
          ]
        }
      ]
    },
    {
      "mode": "managed",
      "type": "azurerm_log_analytics_workspace",
      "name": "viya4",
      "provider": "provider[\"registry.terraform.io/hashicorp/azurerm\"]",
      "instances": []
    },
    {
      "mode": "managed",
      "type": "azurerm_network_security_rule",
      "name": "acr",
      "provider": "provider[\"registry.terraform.io/hashicorp/azurerm\"]",
      "instances": [
        {
          "index_key": 0,
          "schema_version": 0,
          "attributes": {
            "access": "Allow",
            "description": "Allow ACR from source",
            "destination_address_prefix": "*",
            "destination_address_prefixes": null,
            "destination_application_security_group_ids": null,
            "destination_port_range": "5000",
            "destination_port_ranges": null,
            "direction": "Inbound",
            "id": "/subscriptions/951bcc00-e52a-44a9-8418-8d09f849a003/resourceGroups/RG_Rdam_LZ_DAPR_SAS_Network/providers/Microsoft.Network/networkSecurityGroups/NSG_Rdam_LZ_DAPR_SAS/securityRules/SAS-ACR",
            "name": "SAS-ACR",
            "network_security_group_name": "NSG_Rdam_LZ_DAPR_SAS",
            "priority": 180,
            "protocol": "Tcp",
            "resource_group_name": "RG_Rdam_LZ_DAPR_SAS_Network",
            "source_address_prefix": "",
            "source_address_prefixes": [
              "10.246.0.0/21"
            ],
            "source_application_security_group_ids": null,
            "source_port_range": "*",
            "source_port_ranges": null,
            "timeouts": null
          },
          "sensitive_attributes": [],
          "private": "eyJlMmJmYjczMC1lY2FhLTExZTYtOGY4OC0zNDM2M2JjN2M0YzAiOnsiY3JlYXRlIjoxODAwMDAwMDAwMDAwLCJkZWxldGUiOjE4MDAwMDAwMDAwMDAsInJlYWQiOjMwMDAwMDAwMDAwMCwidXBkYXRlIjoxODAwMDAwMDAwMDAwfX0=",
          "dependencies": [
            "module.nsg.azurerm_network_security_group.nsg",
            "module.nsg.data.azurerm_network_security_group.nsg",
            "module.resource_group.azurerm_resource_group.azure_rg",
            "module.resource_group.data.azurerm_resource_group.azure_rg"
          ]
        }
      ]
    },
    {
      "mode": "managed",
      "type": "azurerm_proximity_placement_group",
      "name": "proximity",
      "provider": "provider[\"registry.terraform.io/hashicorp/azurerm\"]",
      "instances": []
    },
    {
      "module": "module.nfs[0]",
      "mode": "managed",
      "type": "azurerm_linux_virtual_machine",
      "name": "vm",
      "provider": "provider[\"registry.terraform.io/hashicorp/azurerm\"]",
      "instances": [
        {
          "schema_version": 0,
          "attributes": {
            "additional_capabilities": [
              {
                "ultra_ssd_enabled": false
              }
            ],
            "admin_password": null,
            "admin_ssh_key": [
              {
                "public_key": "ssh-rsa AAAAB3NzaC1yc2EAAAADAQABAAABAQDxgt2W0hHYXmGjsMsOC+bYI/TmqtdJIUsp40HflWfAeYwg2UT5/n1uicngnXGqcUBkf2JBztHqAF+SpGDa/OCEWbZLlU9viUqSi7KebrU2Fob9xeJ0/sHvNB5DTgJJ3nJnSOGGiLL+brsAHfaqMTmVX8bGQrBLVzwiRblm573ra9oj301PY6SriYGtFnZx+khb3uygFfTKDYb7K2aa7WrLagsRM4CTYCwmNmanx8Ie2Xp3Pt4olSXTd/7Y+QmzbIK2VEYwTlwK6KbegHE8I+UesnEJHwKHWF1qYmdzq6jwY6rVmIjNHNZeu77svh7USk67KA0oyzPIct0CsmDBB2AR vmroot@kubernetes-client\n",
                "username": "nfsuser"
              }
            ],
            "admin_username": "nfsuser",
            "allow_extension_operations": true,
            "availability_set_id": "",
            "boot_diagnostics": [],
            "computer_name": "rdam-lz-dapr-sas-nfs-vm",
            "custom_data": "H4sIAAAAAAAA/5xVfWvcxhP+X+DvMPh+P5rA7UnnODVccCB1HPAfjsvVSSilXPZ2R6flpF1lZnQvpR++rKR7cx1aunBwmpdnnhk9s7oJXtCLetzWOIGqKcXVmiSt3AbtG5iHxltN2+vz+7v7258ePn18/27663kSn9RnJHbBT2A8ys6Ss0Sp46CzZI9N2nOOpG69Cdb5xQSu5k6OAtrightJTRkaq0zwuVucJfeuwr+VGRzHJLxlwWrmfB4mCYDFXDelzBpGis8AXlc4AZ9zNLWWZJAM4It2Ankg0H80hGAdLxkkwByhCo0XtCAFejDBi/MNJoNkHoKYykZYBevClQi/wdfceQupxVUaMdIWLmXDbpyCkm2NUMKfsDagyq+gSoFL+P0N2ABcItbwOv73mLSkPjhigTX+UJbQ1FYLRhJAWAfQvmd05Hj4ZZQMklqbpV7grHNMQKjBI+OCtN1Z2yp3nkWXJfQhfIDgrjefs1oieSwVI62Qurwbwli4HQ9YR2gkkGvzqfH9ZAbxtwtNcVMHOgRvYe2kaKmbQNEGYe2R0hqpchxfM/cYCqqldbSDaC2mCGsPPsyD3U58WFBo6n0NNe1jqmBBTSG7uro6yu54fepm14nGSAmxP2fwUPXgQq/nJT4zjNMwFk3yj1E9GNVGsWixz4Ice0/mONXOvoZ3RHq7d318eLydwBcEj1Grez1B5XwjyFAgYbSj56jwOHRLbhU9eoUwR/SgRbQp8FBQ9TCvsqylWK9MR+F/L/6d0DeaFvyyzV0t+lyrRavVIhv/F5Ryx0B1bmpnoRRu4t3BMM6y/3+Y3t6CUizkamR4BUrFte8Kl6tsfKDQSytnUAK4kcuezM6f7nOeiiZFMWnOoud7saApApx/DwC6sxNof9qa/elvKx76kGtXDjeqk4QdEX5rHCFfd5ed805GvVaHc03kkK6zoXVsNNkdXAZwcQ5v354wVf3CKv1sQx05BtUL6rFAuLl7P4WawspZtLAOtOT2qowSWhehRPj8883TIZx2CeNsdHH54ygbZenF+AWthz7MKASZ8bdGczHUvPVm6DyjaQiHOTt7nQ0NBebKS4zmZi6EODMFmuXL2NcJ4303UzysYLd7u60+UGxT4jvXTxaP8Hv7+/R7ptRZ8lcAAAD//1iw7JAuBwAA",
            "dedicated_host_id": "",
            "disable_password_authentication": true,
            "encryption_at_host_enabled": false,
            "eviction_policy": "",
            "extensions_time_budget": "PT1H30M",
            "id": "/subscriptions/951bcc00-e52a-44a9-8418-8d09f849a003/resourceGroups/RG_Rdam_LZ_DAPR_SAS/providers/Microsoft.Compute/virtualMachines/rdam-lz-dapr-sas-nfs-vm",
            "identity": [],
            "license_type": "",
            "location": "westeurope",
            "max_bid_price": -1,
            "name": "rdam-lz-dapr-sas-nfs-vm",
            "network_interface_ids": [
              "/subscriptions/951bcc00-e52a-44a9-8418-8d09f849a003/resourceGroups/RG_Rdam_LZ_DAPR_SAS/providers/Microsoft.Network/networkInterfaces/rdam-lz-dapr-sas-nfs-nic"
            ],
            "os_disk": [
              {
                "caching": "ReadOnly",
                "diff_disk_settings": [],
                "disk_encryption_set_id": "",
                "disk_size_gb": 64,
                "name": "rdam-lz-dapr-sas-nfs-vm_OsDisk_1_d4caff99f584415eaae1a876e4bf9b49",
                "storage_account_type": "Standard_LRS",
                "write_accelerator_enabled": false
              }
            ],
            "plan": [],
            "platform_fault_domain": -1,
            "priority": "Regular",
            "private_ip_address": "10.246.1.4",
            "private_ip_addresses": [
              "10.246.1.4"
            ],
            "provision_vm_agent": true,
            "proximity_placement_group_id": "",
            "public_ip_address": "",
            "public_ip_addresses": [],
            "resource_group_name": "RG_Rdam_LZ_DAPR_SAS",
            "secret": [],
            "size": "Standard_D8s_v4",
            "source_image_id": "",
            "source_image_reference": [
              {
                "offer": "0001-com-ubuntu-server-focal",
                "publisher": "Canonical",
                "sku": "20_04-lts",
                "version": "latest"
              }
            ],
            "tags": null,
            "timeouts": null,
            "virtual_machine_id": "0e82512c-c7dd-424b-9762-178957f382f7",
            "virtual_machine_scale_set_id": "",
            "zone": ""
          },
          "sensitive_attributes": [],
          "private": "eyJlMmJmYjczMC1lY2FhLTExZTYtOGY4OC0zNDM2M2JjN2M0YzAiOnsiY3JlYXRlIjoyNzAwMDAwMDAwMDAwLCJkZWxldGUiOjI3MDAwMDAwMDAwMDAsInJlYWQiOjMwMDAwMDAwMDAwMCwidXBkYXRlIjoyNzAwMDAwMDAwMDAwfX0=",
          "dependencies": [
            "azurerm_proximity_placement_group.proximity",
            "data.template_cloudinit_config.nfs",
            "module.nfs.azurerm_network_interface.vm_nic",
            "module.nfs.azurerm_network_interface_security_group_association.vm_nic_sg",
            "module.nfs.azurerm_public_ip.vm_ip",
            "module.nsg.azurerm_network_security_group.nsg",
            "module.nsg.data.azurerm_network_security_group.nsg",
            "module.resource_group.azurerm_resource_group.azure_rg",
            "module.resource_group.data.azurerm_resource_group.azure_rg",
            "module.vnet.azurerm_subnet.subnet",
            "module.vnet.azurerm_virtual_network.vnet",
            "module.vnet.data.azurerm_subnet.subnet",
            "module.vnet.data.azurerm_virtual_network.vnet"
          ]
        }
      ]
    },
    {
      "module": "module.nfs[0]",
      "mode": "managed",
      "type": "azurerm_managed_disk",
      "name": "vm_data_disk",
      "provider": "provider[\"registry.terraform.io/hashicorp/azurerm\"]",
      "instances": [
        {
          "index_key": 0,
          "schema_version": 0,
          "attributes": {
            "create_option": "Empty",
            "disk_access_id": "",
            "disk_encryption_set_id": "",
            "disk_iops_read_write": 500,
            "disk_mbps_read_write": 60,
            "disk_size_gb": 128,
            "encryption_settings": [],
            "id": "/subscriptions/951bcc00-e52a-44a9-8418-8d09f849a003/resourceGroups/RG_Rdam_LZ_DAPR_SAS/providers/Microsoft.Compute/disks/rdam-lz-dapr-sas-nfs-disk01",
            "image_reference_id": "",
            "location": "westeurope",
            "name": "rdam-lz-dapr-sas-nfs-disk01",
            "network_access_policy": null,
            "os_type": "",
            "resource_group_name": "RG_Rdam_LZ_DAPR_SAS",
            "source_resource_id": "",
            "source_uri": "",
            "storage_account_id": "",
            "storage_account_type": "Standard_LRS",
            "tags": null,
            "tier": "",
            "timeouts": null,
            "zones": []
          },
          "sensitive_attributes": [],
          "private": "eyJlMmJmYjczMC1lY2FhLTExZTYtOGY4OC0zNDM2M2JjN2M0YzAiOnsiY3JlYXRlIjoxODAwMDAwMDAwMDAwLCJkZWxldGUiOjE4MDAwMDAwMDAwMDAsInJlYWQiOjMwMDAwMDAwMDAwMCwidXBkYXRlIjoxODAwMDAwMDAwMDAwfX0=",
          "dependencies": [
            "module.resource_group.azurerm_resource_group.azure_rg",
            "module.resource_group.data.azurerm_resource_group.azure_rg",
            "module.vnet.azurerm_subnet.subnet",
            "module.vnet.azurerm_virtual_network.vnet",
            "module.vnet.data.azurerm_subnet.subnet",
            "module.vnet.data.azurerm_virtual_network.vnet"
          ]
        },
        {
          "index_key": 1,
          "schema_version": 0,
          "attributes": {
            "create_option": "Empty",
            "disk_access_id": "",
            "disk_encryption_set_id": "",
            "disk_iops_read_write": 500,
            "disk_mbps_read_write": 60,
            "disk_size_gb": 128,
            "encryption_settings": [],
            "id": "/subscriptions/951bcc00-e52a-44a9-8418-8d09f849a003/resourceGroups/RG_Rdam_LZ_DAPR_SAS/providers/Microsoft.Compute/disks/rdam-lz-dapr-sas-nfs-disk02",
            "image_reference_id": "",
            "location": "westeurope",
            "name": "rdam-lz-dapr-sas-nfs-disk02",
            "network_access_policy": null,
            "os_type": "",
            "resource_group_name": "RG_Rdam_LZ_DAPR_SAS",
            "source_resource_id": "",
            "source_uri": "",
            "storage_account_id": "",
            "storage_account_type": "Standard_LRS",
            "tags": null,
            "tier": "",
            "timeouts": null,
            "zones": []
          },
          "sensitive_attributes": [],
          "private": "eyJlMmJmYjczMC1lY2FhLTExZTYtOGY4OC0zNDM2M2JjN2M0YzAiOnsiY3JlYXRlIjoxODAwMDAwMDAwMDAwLCJkZWxldGUiOjE4MDAwMDAwMDAwMDAsInJlYWQiOjMwMDAwMDAwMDAwMCwidXBkYXRlIjoxODAwMDAwMDAwMDAwfX0=",
          "dependencies": [
            "module.resource_group.azurerm_resource_group.azure_rg",
            "module.resource_group.data.azurerm_resource_group.azure_rg",
            "module.vnet.azurerm_subnet.subnet",
            "module.vnet.azurerm_virtual_network.vnet",
            "module.vnet.data.azurerm_subnet.subnet",
            "module.vnet.data.azurerm_virtual_network.vnet"
          ]
        },
        {
          "index_key": 2,
          "schema_version": 0,
          "attributes": {
            "create_option": "Empty",
            "disk_access_id": "",
            "disk_encryption_set_id": "",
            "disk_iops_read_write": 500,
            "disk_mbps_read_write": 60,
            "disk_size_gb": 128,
            "encryption_settings": [],
            "id": "/subscriptions/951bcc00-e52a-44a9-8418-8d09f849a003/resourceGroups/RG_Rdam_LZ_DAPR_SAS/providers/Microsoft.Compute/disks/rdam-lz-dapr-sas-nfs-disk03",
            "image_reference_id": "",
            "location": "westeurope",
            "name": "rdam-lz-dapr-sas-nfs-disk03",
            "network_access_policy": null,
            "os_type": "",
            "resource_group_name": "RG_Rdam_LZ_DAPR_SAS",
            "source_resource_id": "",
            "source_uri": "",
            "storage_account_id": "",
            "storage_account_type": "Standard_LRS",
            "tags": null,
            "tier": "",
            "timeouts": null,
            "zones": []
          },
          "sensitive_attributes": [],
          "private": "eyJlMmJmYjczMC1lY2FhLTExZTYtOGY4OC0zNDM2M2JjN2M0YzAiOnsiY3JlYXRlIjoxODAwMDAwMDAwMDAwLCJkZWxldGUiOjE4MDAwMDAwMDAwMDAsInJlYWQiOjMwMDAwMDAwMDAwMCwidXBkYXRlIjoxODAwMDAwMDAwMDAwfX0=",
          "dependencies": [
            "module.resource_group.azurerm_resource_group.azure_rg",
            "module.resource_group.data.azurerm_resource_group.azure_rg",
            "module.vnet.azurerm_subnet.subnet",
            "module.vnet.azurerm_virtual_network.vnet",
            "module.vnet.data.azurerm_subnet.subnet",
            "module.vnet.data.azurerm_virtual_network.vnet"
          ]
        },
        {
          "index_key": 3,
          "schema_version": 0,
          "attributes": {
            "create_option": "Empty",
            "disk_access_id": "",
            "disk_encryption_set_id": "",
            "disk_iops_read_write": 500,
            "disk_mbps_read_write": 60,
            "disk_size_gb": 128,
            "encryption_settings": [],
            "id": "/subscriptions/951bcc00-e52a-44a9-8418-8d09f849a003/resourceGroups/RG_Rdam_LZ_DAPR_SAS/providers/Microsoft.Compute/disks/rdam-lz-dapr-sas-nfs-disk04",
            "image_reference_id": "",
            "location": "westeurope",
            "name": "rdam-lz-dapr-sas-nfs-disk04",
            "network_access_policy": null,
            "os_type": "",
            "resource_group_name": "RG_Rdam_LZ_DAPR_SAS",
            "source_resource_id": "",
            "source_uri": "",
            "storage_account_id": "",
            "storage_account_type": "Standard_LRS",
            "tags": null,
            "tier": "",
            "timeouts": null,
            "zones": []
          },
          "sensitive_attributes": [],
          "private": "eyJlMmJmYjczMC1lY2FhLTExZTYtOGY4OC0zNDM2M2JjN2M0YzAiOnsiY3JlYXRlIjoxODAwMDAwMDAwMDAwLCJkZWxldGUiOjE4MDAwMDAwMDAwMDAsInJlYWQiOjMwMDAwMDAwMDAwMCwidXBkYXRlIjoxODAwMDAwMDAwMDAwfX0=",
          "dependencies": [
            "module.resource_group.azurerm_resource_group.azure_rg",
            "module.resource_group.data.azurerm_resource_group.azure_rg",
            "module.vnet.azurerm_subnet.subnet",
            "module.vnet.azurerm_virtual_network.vnet",
            "module.vnet.data.azurerm_subnet.subnet",
            "module.vnet.data.azurerm_virtual_network.vnet"
          ]
        }
      ]
    },
    {
      "module": "module.nfs[0]",
      "mode": "managed",
      "type": "azurerm_network_interface",
      "name": "vm_nic",
      "provider": "provider[\"registry.terraform.io/hashicorp/azurerm\"]",
      "instances": [
        {
          "schema_version": 0,
          "attributes": {
            "applied_dns_servers": [],
            "dns_servers": [],
            "enable_accelerated_networking": false,
            "enable_ip_forwarding": false,
            "id": "/subscriptions/951bcc00-e52a-44a9-8418-8d09f849a003/resourceGroups/RG_Rdam_LZ_DAPR_SAS/providers/Microsoft.Network/networkInterfaces/rdam-lz-dapr-sas-nfs-nic",
            "internal_dns_name_label": "",
            "internal_domain_name_suffix": "qqgbfnjqvezu5jay3ithb2adze.ax.internal.cloudapp.net",
            "ip_configuration": [
              {
                "name": "rdam-lz-dapr-sas-nfs-ip_config",
                "primary": true,
                "private_ip_address": "10.246.1.4",
                "private_ip_address_allocation": "Dynamic",
                "private_ip_address_version": "IPv4",
                "public_ip_address_id": "",
                "subnet_id": "/subscriptions/951bcc00-e52a-44a9-8418-8d09f849a003/resourceGroups/RG_Rdam_LZ_DAPR_SAS_Network/providers/Microsoft.Network/virtualNetworks/VNET_Rdam_DAPR_SAS/subnets/N-10.246.1.0_24"
              }
            ],
            "location": "westeurope",
            "mac_address": "",
            "name": "rdam-lz-dapr-sas-nfs-nic",
            "private_ip_address": "10.246.1.4",
            "private_ip_addresses": [
              "10.246.1.4"
            ],
            "resource_group_name": "RG_Rdam_LZ_DAPR_SAS",
            "tags": null,
            "timeouts": null,
            "virtual_machine_id": ""
          },
          "sensitive_attributes": [],
          "private": "eyJlMmJmYjczMC1lY2FhLTExZTYtOGY4OC0zNDM2M2JjN2M0YzAiOnsiY3JlYXRlIjoxODAwMDAwMDAwMDAwLCJkZWxldGUiOjE4MDAwMDAwMDAwMDAsInJlYWQiOjMwMDAwMDAwMDAwMCwidXBkYXRlIjoxODAwMDAwMDAwMDAwfX0=",
          "dependencies": [
            "module.nfs.azurerm_public_ip.vm_ip",
            "module.resource_group.azurerm_resource_group.azure_rg",
            "module.resource_group.data.azurerm_resource_group.azure_rg",
            "module.vnet.azurerm_subnet.subnet",
            "module.vnet.azurerm_virtual_network.vnet",
            "module.vnet.data.azurerm_subnet.subnet",
            "module.vnet.data.azurerm_virtual_network.vnet"
          ]
        }
      ]
    },
    {
      "module": "module.nfs[0]",
      "mode": "managed",
      "type": "azurerm_network_interface_security_group_association",
      "name": "vm_nic_sg",
      "provider": "provider[\"registry.terraform.io/hashicorp/azurerm\"]",
      "instances": [
        {
          "schema_version": 0,
          "attributes": {
            "id": "/subscriptions/951bcc00-e52a-44a9-8418-8d09f849a003/resourceGroups/RG_Rdam_LZ_DAPR_SAS/providers/Microsoft.Network/networkInterfaces/rdam-lz-dapr-sas-nfs-nic|/subscriptions/951bcc00-e52a-44a9-8418-8d09f849a003/resourceGroups/RG_Rdam_LZ_DAPR_SAS_Network/providers/Microsoft.Network/networkSecurityGroups/NSG_Rdam_LZ_DAPR_SAS",
            "network_interface_id": "/subscriptions/951bcc00-e52a-44a9-8418-8d09f849a003/resourceGroups/RG_Rdam_LZ_DAPR_SAS/providers/Microsoft.Network/networkInterfaces/rdam-lz-dapr-sas-nfs-nic",
            "network_security_group_id": "/subscriptions/951bcc00-e52a-44a9-8418-8d09f849a003/resourceGroups/RG_Rdam_LZ_DAPR_SAS_Network/providers/Microsoft.Network/networkSecurityGroups/NSG_Rdam_LZ_DAPR_SAS",
            "timeouts": null
          },
          "sensitive_attributes": [],
          "private": "eyJlMmJmYjczMC1lY2FhLTExZTYtOGY4OC0zNDM2M2JjN2M0YzAiOnsiY3JlYXRlIjoxODAwMDAwMDAwMDAwLCJkZWxldGUiOjE4MDAwMDAwMDAwMDAsInJlYWQiOjMwMDAwMDAwMDAwMCwidXBkYXRlIjoxODAwMDAwMDAwMDAwfX0=",
          "dependencies": [
            "module.nfs.azurerm_network_interface.vm_nic",
            "module.nfs.azurerm_public_ip.vm_ip",
            "module.nsg.azurerm_network_security_group.nsg",
            "module.nsg.data.azurerm_network_security_group.nsg",
            "module.resource_group.azurerm_resource_group.azure_rg",
            "module.resource_group.data.azurerm_resource_group.azure_rg",
            "module.vnet.azurerm_subnet.subnet",
            "module.vnet.azurerm_virtual_network.vnet",
            "module.vnet.data.azurerm_subnet.subnet",
            "module.vnet.data.azurerm_virtual_network.vnet"
          ]
        }
      ]
    },
    {
      "module": "module.nfs[0]",
      "mode": "managed",
      "type": "azurerm_virtual_machine_data_disk_attachment",
      "name": "vm_data_disk_attach",
      "provider": "provider[\"registry.terraform.io/hashicorp/azurerm\"]",
      "instances": [
        {
          "index_key": 0,
          "schema_version": 0,
          "attributes": {
            "caching": "ReadWrite",
            "create_option": "Attach",
            "id": "/subscriptions/951bcc00-e52a-44a9-8418-8d09f849a003/resourceGroups/RG_Rdam_LZ_DAPR_SAS/providers/Microsoft.Compute/virtualMachines/rdam-lz-dapr-sas-nfs-vm/dataDisks/rdam-lz-dapr-sas-nfs-disk01",
            "lun": 10,
            "managed_disk_id": "/subscriptions/951bcc00-e52a-44a9-8418-8d09f849a003/resourceGroups/RG_Rdam_LZ_DAPR_SAS/providers/Microsoft.Compute/disks/rdam-lz-dapr-sas-nfs-disk01",
            "timeouts": null,
            "virtual_machine_id": "/subscriptions/951bcc00-e52a-44a9-8418-8d09f849a003/resourceGroups/RG_Rdam_LZ_DAPR_SAS/providers/Microsoft.Compute/virtualMachines/rdam-lz-dapr-sas-nfs-vm",
            "write_accelerator_enabled": false
          },
          "sensitive_attributes": [],
          "private": "eyJlMmJmYjczMC1lY2FhLTExZTYtOGY4OC0zNDM2M2JjN2M0YzAiOnsiY3JlYXRlIjoxODAwMDAwMDAwMDAwLCJkZWxldGUiOjE4MDAwMDAwMDAwMDAsInJlYWQiOjMwMDAwMDAwMDAwMCwidXBkYXRlIjoxODAwMDAwMDAwMDAwfX0=",
          "dependencies": [
            "azurerm_proximity_placement_group.proximity",
            "data.template_cloudinit_config.nfs",
            "module.nfs.azurerm_linux_virtual_machine.vm",
            "module.nfs.azurerm_managed_disk.vm_data_disk",
            "module.nfs.azurerm_network_interface.vm_nic",
            "module.nfs.azurerm_network_interface_security_group_association.vm_nic_sg",
            "module.nfs.azurerm_public_ip.vm_ip",
            "module.nsg.azurerm_network_security_group.nsg",
            "module.nsg.data.azurerm_network_security_group.nsg",
            "module.resource_group.azurerm_resource_group.azure_rg",
            "module.resource_group.data.azurerm_resource_group.azure_rg",
            "module.vnet.azurerm_subnet.subnet",
            "module.vnet.azurerm_virtual_network.vnet",
            "module.vnet.data.azurerm_subnet.subnet",
            "module.vnet.data.azurerm_virtual_network.vnet"
          ]
        },
        {
          "index_key": 1,
          "schema_version": 0,
          "attributes": {
            "caching": "ReadWrite",
            "create_option": "Attach",
            "id": "/subscriptions/951bcc00-e52a-44a9-8418-8d09f849a003/resourceGroups/RG_Rdam_LZ_DAPR_SAS/providers/Microsoft.Compute/virtualMachines/rdam-lz-dapr-sas-nfs-vm/dataDisks/rdam-lz-dapr-sas-nfs-disk02",
            "lun": 11,
            "managed_disk_id": "/subscriptions/951bcc00-e52a-44a9-8418-8d09f849a003/resourceGroups/RG_Rdam_LZ_DAPR_SAS/providers/Microsoft.Compute/disks/rdam-lz-dapr-sas-nfs-disk02",
            "timeouts": null,
            "virtual_machine_id": "/subscriptions/951bcc00-e52a-44a9-8418-8d09f849a003/resourceGroups/RG_Rdam_LZ_DAPR_SAS/providers/Microsoft.Compute/virtualMachines/rdam-lz-dapr-sas-nfs-vm",
            "write_accelerator_enabled": false
          },
          "sensitive_attributes": [],
          "private": "eyJlMmJmYjczMC1lY2FhLTExZTYtOGY4OC0zNDM2M2JjN2M0YzAiOnsiY3JlYXRlIjoxODAwMDAwMDAwMDAwLCJkZWxldGUiOjE4MDAwMDAwMDAwMDAsInJlYWQiOjMwMDAwMDAwMDAwMCwidXBkYXRlIjoxODAwMDAwMDAwMDAwfX0=",
          "dependencies": [
            "azurerm_proximity_placement_group.proximity",
            "data.template_cloudinit_config.nfs",
            "module.nfs.azurerm_linux_virtual_machine.vm",
            "module.nfs.azurerm_managed_disk.vm_data_disk",
            "module.nfs.azurerm_network_interface.vm_nic",
            "module.nfs.azurerm_network_interface_security_group_association.vm_nic_sg",
            "module.nfs.azurerm_public_ip.vm_ip",
            "module.nsg.azurerm_network_security_group.nsg",
            "module.nsg.data.azurerm_network_security_group.nsg",
            "module.resource_group.azurerm_resource_group.azure_rg",
            "module.resource_group.data.azurerm_resource_group.azure_rg",
            "module.vnet.azurerm_subnet.subnet",
            "module.vnet.azurerm_virtual_network.vnet",
            "module.vnet.data.azurerm_subnet.subnet",
            "module.vnet.data.azurerm_virtual_network.vnet"
          ]
        },
        {
          "index_key": 2,
          "schema_version": 0,
          "attributes": {
            "caching": "ReadWrite",
            "create_option": "Attach",
            "id": "/subscriptions/951bcc00-e52a-44a9-8418-8d09f849a003/resourceGroups/RG_Rdam_LZ_DAPR_SAS/providers/Microsoft.Compute/virtualMachines/rdam-lz-dapr-sas-nfs-vm/dataDisks/rdam-lz-dapr-sas-nfs-disk03",
            "lun": 12,
            "managed_disk_id": "/subscriptions/951bcc00-e52a-44a9-8418-8d09f849a003/resourceGroups/RG_Rdam_LZ_DAPR_SAS/providers/Microsoft.Compute/disks/rdam-lz-dapr-sas-nfs-disk03",
            "timeouts": null,
            "virtual_machine_id": "/subscriptions/951bcc00-e52a-44a9-8418-8d09f849a003/resourceGroups/RG_Rdam_LZ_DAPR_SAS/providers/Microsoft.Compute/virtualMachines/rdam-lz-dapr-sas-nfs-vm",
            "write_accelerator_enabled": false
          },
          "sensitive_attributes": [],
          "private": "eyJlMmJmYjczMC1lY2FhLTExZTYtOGY4OC0zNDM2M2JjN2M0YzAiOnsiY3JlYXRlIjoxODAwMDAwMDAwMDAwLCJkZWxldGUiOjE4MDAwMDAwMDAwMDAsInJlYWQiOjMwMDAwMDAwMDAwMCwidXBkYXRlIjoxODAwMDAwMDAwMDAwfX0=",
          "dependencies": [
            "azurerm_proximity_placement_group.proximity",
            "data.template_cloudinit_config.nfs",
            "module.nfs.azurerm_linux_virtual_machine.vm",
            "module.nfs.azurerm_managed_disk.vm_data_disk",
            "module.nfs.azurerm_network_interface.vm_nic",
            "module.nfs.azurerm_network_interface_security_group_association.vm_nic_sg",
            "module.nfs.azurerm_public_ip.vm_ip",
            "module.nsg.azurerm_network_security_group.nsg",
            "module.nsg.data.azurerm_network_security_group.nsg",
            "module.resource_group.azurerm_resource_group.azure_rg",
            "module.resource_group.data.azurerm_resource_group.azure_rg",
            "module.vnet.azurerm_subnet.subnet",
            "module.vnet.azurerm_virtual_network.vnet",
            "module.vnet.data.azurerm_subnet.subnet",
            "module.vnet.data.azurerm_virtual_network.vnet"
          ]
        },
        {
          "index_key": 3,
          "schema_version": 0,
          "attributes": {
            "caching": "ReadWrite",
            "create_option": "Attach",
            "id": "/subscriptions/951bcc00-e52a-44a9-8418-8d09f849a003/resourceGroups/RG_Rdam_LZ_DAPR_SAS/providers/Microsoft.Compute/virtualMachines/rdam-lz-dapr-sas-nfs-vm/dataDisks/rdam-lz-dapr-sas-nfs-disk04",
            "lun": 13,
            "managed_disk_id": "/subscriptions/951bcc00-e52a-44a9-8418-8d09f849a003/resourceGroups/RG_Rdam_LZ_DAPR_SAS/providers/Microsoft.Compute/disks/rdam-lz-dapr-sas-nfs-disk04",
            "timeouts": null,
            "virtual_machine_id": "/subscriptions/951bcc00-e52a-44a9-8418-8d09f849a003/resourceGroups/RG_Rdam_LZ_DAPR_SAS/providers/Microsoft.Compute/virtualMachines/rdam-lz-dapr-sas-nfs-vm",
            "write_accelerator_enabled": false
          },
          "sensitive_attributes": [],
          "private": "eyJlMmJmYjczMC1lY2FhLTExZTYtOGY4OC0zNDM2M2JjN2M0YzAiOnsiY3JlYXRlIjoxODAwMDAwMDAwMDAwLCJkZWxldGUiOjE4MDAwMDAwMDAwMDAsInJlYWQiOjMwMDAwMDAwMDAwMCwidXBkYXRlIjoxODAwMDAwMDAwMDAwfX0=",
          "dependencies": [
            "azurerm_proximity_placement_group.proximity",
            "data.template_cloudinit_config.nfs",
            "module.nfs.azurerm_linux_virtual_machine.vm",
            "module.nfs.azurerm_managed_disk.vm_data_disk",
            "module.nfs.azurerm_network_interface.vm_nic",
            "module.nfs.azurerm_network_interface_security_group_association.vm_nic_sg",
            "module.nfs.azurerm_public_ip.vm_ip",
            "module.nsg.azurerm_network_security_group.nsg",
            "module.nsg.data.azurerm_network_security_group.nsg",
            "module.resource_group.azurerm_resource_group.azure_rg",
            "module.resource_group.data.azurerm_resource_group.azure_rg",
            "module.vnet.azurerm_subnet.subnet",
            "module.vnet.azurerm_virtual_network.vnet",
            "module.vnet.data.azurerm_subnet.subnet",
            "module.vnet.data.azurerm_virtual_network.vnet"
          ]
        }
      ]
    },
    {
      "module": "module.nsg",
      "mode": "data",
      "type": "azurerm_network_security_group",
      "name": "nsg",
      "provider": "provider[\"registry.terraform.io/hashicorp/azurerm\"]",
      "instances": [
        {
          "index_key": 0,
          "schema_version": 0,
          "attributes": {
            "id": "/subscriptions/951bcc00-e52a-44a9-8418-8d09f849a003/resourceGroups/RG_Rdam_LZ_DAPR_SAS_Network/providers/Microsoft.Network/networkSecurityGroups/NSG_Rdam_LZ_DAPR_SAS",
            "location": "westeurope",
            "name": "NSG_Rdam_LZ_DAPR_SAS",
            "resource_group_name": "RG_Rdam_LZ_DAPR_SAS_Network",
            "security_rule": [],
            "tags": {},
            "timeouts": null
          },
          "sensitive_attributes": []
        }
      ]
    },
    {
      "module": "module.postgresql[0]",
      "mode": "managed",
      "type": "azurerm_postgresql_database",
      "name": "dbs",
      "provider": "provider[\"registry.terraform.io/hashicorp/azurerm\"]",
      "instances": []
    },
    {
      "module": "module.postgresql[0]",
      "mode": "managed",
      "type": "azurerm_postgresql_firewall_rule",
      "name": "firewall_rules",
      "provider": "provider[\"registry.terraform.io/hashicorp/azurerm\"]",
      "instances": []
    },
    {
      "module": "module.postgresql[0]",
      "mode": "managed",
      "type": "azurerm_postgresql_virtual_network_rule",
      "name": "vnet_rules",
      "provider": "provider[\"registry.terraform.io/hashicorp/azurerm\"]",
      "instances": []
    },
    {
      "module": "module.resource_group",
      "mode": "data",
      "type": "azurerm_resource_group",
      "name": "azure_rg",
      "provider": "provider[\"registry.terraform.io/hashicorp/azurerm\"]",
      "instances": [
        {
          "index_key": 0,
          "schema_version": 0,
          "attributes": {
            "id": "/subscriptions/951bcc00-e52a-44a9-8418-8d09f849a003/resourceGroups/RG_Rdam_LZ_DAPR_SAS",
            "location": "westeurope",
            "name": "RG_Rdam_LZ_DAPR_SAS",
            "tags": {},
            "timeouts": null
          },
          "sensitive_attributes": []
        }
      ]
    },
    {
      "module": "module.vnet",
      "mode": "data",
      "type": "azurerm_subnet",
      "name": "subnet",
      "provider": "provider[\"registry.terraform.io/hashicorp/azurerm\"]",
      "instances": [
        {
          "index_key": "aks",
          "schema_version": 0,
          "attributes": {
            "address_prefix": "10.246.4.0/23",
            "address_prefixes": [
              "10.246.4.0/23"
            ],
            "enforce_private_link_endpoint_network_policies": false,
            "enforce_private_link_service_network_policies": false,
            "id": "/subscriptions/951bcc00-e52a-44a9-8418-8d09f849a003/resourceGroups/RG_Rdam_LZ_DAPR_SAS_Network/providers/Microsoft.Network/virtualNetworks/VNET_Rdam_DAPR_SAS/subnets/N-10.246.4.0_23",
            "name": "N-10.246.4.0_23",
            "network_security_group_id": "/subscriptions/951bcc00-e52a-44a9-8418-8d09f849a003/resourceGroups/RG_Rdam_LZ_DAPR_SAS_Network/providers/Microsoft.Network/networkSecurityGroups/NSG_Rdam_LZ_DAPR_SAS",
            "resource_group_name": "RG_Rdam_LZ_DAPR_SAS_Network",
            "route_table_id": "",
            "service_endpoints": [],
            "timeouts": null,
            "virtual_network_name": "VNET_Rdam_DAPR_SAS"
          },
          "sensitive_attributes": []
        },
        {
          "index_key": "misc",
          "schema_version": 0,
          "attributes": {
            "address_prefix": "10.246.1.0/24",
            "address_prefixes": [
              "10.246.1.0/24"
            ],
            "enforce_private_link_endpoint_network_policies": false,
            "enforce_private_link_service_network_policies": false,
            "id": "/subscriptions/951bcc00-e52a-44a9-8418-8d09f849a003/resourceGroups/RG_Rdam_LZ_DAPR_SAS_Network/providers/Microsoft.Network/virtualNetworks/VNET_Rdam_DAPR_SAS/subnets/N-10.246.1.0_24",
            "name": "N-10.246.1.0_24",
            "network_security_group_id": "/subscriptions/951bcc00-e52a-44a9-8418-8d09f849a003/resourceGroups/RG_Rdam_LZ_DAPR_SAS_Network/providers/Microsoft.Network/networkSecurityGroups/NSG_Rdam_LZ_DAPR_SAS",
            "resource_group_name": "RG_Rdam_LZ_DAPR_SAS_Network",
            "route_table_id": "",
            "service_endpoints": [],
            "timeouts": null,
            "virtual_network_name": "VNET_Rdam_DAPR_SAS"
          },
          "sensitive_attributes": []
        }
      ]
    },
    {
      "module": "module.vnet",
      "mode": "data",
      "type": "azurerm_virtual_network",
      "name": "vnet",
      "provider": "provider[\"registry.terraform.io/hashicorp/azurerm\"]",
      "instances": [
        {
          "index_key": 0,
          "schema_version": 0,
          "attributes": {
            "address_space": [
              "10.246.0.0/21"
            ],
            "dns_servers": null,
            "guid": "b5120c84-a930-4f33-a418-ea2670f003cc",
            "id": "/subscriptions/951bcc00-e52a-44a9-8418-8d09f849a003/resourceGroups/RG_Rdam_LZ_DAPR_SAS_Network/providers/Microsoft.Network/virtualNetworks/VNET_Rdam_DAPR_SAS",
            "location": "westeurope",
            "name": "VNET_Rdam_DAPR_SAS",
            "resource_group_name": "RG_Rdam_LZ_DAPR_SAS_Network",
            "subnets": [
              "N-10.246.0.0_24",
              "AzureBastionSubnet",
              "N-10.246.1.0_24",
              "N-10.246.4.0_23"
            ],
            "timeouts": null,
            "vnet_peerings": {}
          },
          "sensitive_attributes": []
        }
      ]
    }
  ]
}
